// !$*UTF8*$!
{
	archiveVersion = 1;
	classes = {
	};
	objectVersion = 50;
	objects = {

/* Begin PBXBuildFile section */
		06074EBB215D3CF2001D8B50 /* EditAssignmentViewController.swift in Sources */ = {isa = PBXBuildFile; fileRef = 06074EBA215D3CF2001D8B50 /* EditAssignmentViewController.swift */; };
		06ADB56121554B9300469760 /* AddUserViewController.swift in Sources */ = {isa = PBXBuildFile; fileRef = 06ADB56021554B9300469760 /* AddUserViewController.swift */; };
		06B8CA2F2154653700AAA655 /* TeacherListViewController.swift in Sources */ = {isa = PBXBuildFile; fileRef = 06B8CA2E2154653700AAA655 /* TeacherListViewController.swift */; };
		06B8CA312154671800AAA655 /* HomeworkListViewController.swift in Sources */ = {isa = PBXBuildFile; fileRef = 06B8CA302154671800AAA655 /* HomeworkListViewController.swift */; };
		06C31F18215A8FC500C4B697 /* StudentAssignmentCell.swift in Sources */ = {isa = PBXBuildFile; fileRef = 06C31F17215A8FC500C4B697 /* StudentAssignmentCell.swift */; };
		06C86E7521547A3400EFFE9E /* TeacherCell.swift in Sources */ = {isa = PBXBuildFile; fileRef = 06C86E7421547A3400EFFE9E /* TeacherCell.swift */; };
		06C86E772154846E00EFFE9E /* Teacher.swift in Sources */ = {isa = PBXBuildFile; fileRef = 06C86E762154846E00EFFE9E /* Teacher.swift */; };
		06D49AF72151C87100175B06 /* StudentDetailViewController.swift in Sources */ = {isa = PBXBuildFile; fileRef = 06D49AF62151C87100175B06 /* StudentDetailViewController.swift */; };
		06E67E4E215B0E5400A12A9F /* AddAssignmentViewController.swift in Sources */ = {isa = PBXBuildFile; fileRef = 06E67E4D215B0E5400A12A9F /* AddAssignmentViewController.swift */; };
		BA2B6B5E215AC822008D34A7 /* Helpers.swift in Sources */ = {isa = PBXBuildFile; fileRef = BA2B6B5D215AC822008D34A7 /* Helpers.swift */; };
		BAB02D4921593DAA00C3F384 /* User.swift in Sources */ = {isa = PBXBuildFile; fileRef = BAB02D4821593DAA00C3F384 /* User.swift */; };
		BAB02D4B21593F7D00C3F384 /* ActiveUser.swift in Sources */ = {isa = PBXBuildFile; fileRef = BAB02D4A21593F7D00C3F384 /* ActiveUser.swift */; };
		BAB9E5D621517344001249AF /* AppDelegate.swift in Sources */ = {isa = PBXBuildFile; fileRef = BAB9E5D521517344001249AF /* AppDelegate.swift */; };
		BAB9E5D821517344001249AF /* StudentListViewController.swift in Sources */ = {isa = PBXBuildFile; fileRef = BAB9E5D721517344001249AF /* StudentListViewController.swift */; };
		BAB9E5DB21517344001249AF /* Main.storyboard in Resources */ = {isa = PBXBuildFile; fileRef = BAB9E5D921517344001249AF /* Main.storyboard */; };
		BAB9E5DD21517345001249AF /* Assets.xcassets in Resources */ = {isa = PBXBuildFile; fileRef = BAB9E5DC21517345001249AF /* Assets.xcassets */; };
		BAB9E5E021517345001249AF /* LaunchScreen.storyboard in Resources */ = {isa = PBXBuildFile; fileRef = BAB9E5DE21517345001249AF /* LaunchScreen.storyboard */; };
		BAB9E5EC21517424001249AF /* Student.swift in Sources */ = {isa = PBXBuildFile; fileRef = BAB9E5EB21517424001249AF /* Student.swift */; };
		BAB9E5EE21517718001249AF /* StudentCell.swift in Sources */ = {isa = PBXBuildFile; fileRef = BAB9E5ED21517718001249AF /* StudentCell.swift */; };
		BAB9E5F021518001001249AF /* AddStudentViewController.swift in Sources */ = {isa = PBXBuildFile; fileRef = BAB9E5EF21518001001249AF /* AddStudentViewController.swift */; };
		BAB9E5F221528230001249AF /* RoundImageView.swift in Sources */ = {isa = PBXBuildFile; fileRef = BAB9E5F121528230001249AF /* RoundImageView.swift */; };
		BAB9E5F42152A7A2001249AF /* Assignment.swift in Sources */ = {isa = PBXBuildFile; fileRef = BAB9E5F32152A7A2001249AF /* Assignment.swift */; };
		BAB9E5F62152B4EC001249AF /* AssignmentCell.swift in Sources */ = {isa = PBXBuildFile; fileRef = BAB9E5F52152B4EC001249AF /* AssignmentCell.swift */; };
		BADE0BE921598C8000BEC6FC /* Dosis-Bold.ttf in Resources */ = {isa = PBXBuildFile; fileRef = BADE0BE421598C7400BEC6FC /* Dosis-Bold.ttf */; };
		BADE0BEA21598C8000BEC6FC /* Dosis-ExtraBold.ttf in Resources */ = {isa = PBXBuildFile; fileRef = BADE0BE721598C7700BEC6FC /* Dosis-ExtraBold.ttf */; };
		BADE0BEB21598C8000BEC6FC /* Dosis-ExtraLight.ttf in Resources */ = {isa = PBXBuildFile; fileRef = BADE0BE821598C7800BEC6FC /* Dosis-ExtraLight.ttf */; };
		BADE0BEC21598C8000BEC6FC /* Dosis-Light.ttf in Resources */ = {isa = PBXBuildFile; fileRef = BADE0BE321598C7300BEC6FC /* Dosis-Light.ttf */; };
		BADE0BED21598C8000BEC6FC /* Dosis-Medium.ttf in Resources */ = {isa = PBXBuildFile; fileRef = BADE0BE621598C7600BEC6FC /* Dosis-Medium.ttf */; };
		BADE0BEE21598C8000BEC6FC /* Dosis-Regular.ttf in Resources */ = {isa = PBXBuildFile; fileRef = BADE0BE221598C7200BEC6FC /* Dosis-Regular.ttf */; };
		BADE0BEF21598C8000BEC6FC /* Dosis-SemiBold.ttf in Resources */ = {isa = PBXBuildFile; fileRef = BADE0BE521598C7500BEC6FC /* Dosis-SemiBold.ttf */; };
		BAF02C802155647000E00241 /* OnboardingViewController.swift in Sources */ = {isa = PBXBuildFile; fileRef = BAF02C7F2155647000E00241 /* OnboardingViewController.swift */; };
		BAF02C8421556E3A00E00241 /* CloudKit.framework in Frameworks */ = {isa = PBXBuildFile; fileRef = BAF02C8321556E3A00E00241 /* CloudKit.framework */; };
		BAF02C8721556E8E00E00241 /* CloudKitManager.swift in Sources */ = {isa = PBXBuildFile; fileRef = BAF02C8621556E8E00E00241 /* CloudKitManager.swift */; };
/* End PBXBuildFile section */

/* Begin PBXFileReference section */
		06074EBA215D3CF2001D8B50 /* EditAssignmentViewController.swift */ = {isa = PBXFileReference; lastKnownFileType = sourcecode.swift; path = EditAssignmentViewController.swift; sourceTree = "<group>"; };
		06ADB56021554B9300469760 /* AddUserViewController.swift */ = {isa = PBXFileReference; lastKnownFileType = sourcecode.swift; path = AddUserViewController.swift; sourceTree = "<group>"; };
		06B8CA2E2154653700AAA655 /* TeacherListViewController.swift */ = {isa = PBXFileReference; lastKnownFileType = sourcecode.swift; path = TeacherListViewController.swift; sourceTree = "<group>"; };
		06B8CA302154671800AAA655 /* HomeworkListViewController.swift */ = {isa = PBXFileReference; lastKnownFileType = sourcecode.swift; name = HomeworkListViewController.swift; path = TutorApp/Controllers/HomeworkListViewController.swift; sourceTree = SOURCE_ROOT; };
		06C31F17215A8FC500C4B697 /* StudentAssignmentCell.swift */ = {isa = PBXFileReference; lastKnownFileType = sourcecode.swift; path = StudentAssignmentCell.swift; sourceTree = "<group>"; };
		06C86E7421547A3400EFFE9E /* TeacherCell.swift */ = {isa = PBXFileReference; lastKnownFileType = sourcecode.swift; path = TeacherCell.swift; sourceTree = "<group>"; };
		06C86E762154846E00EFFE9E /* Teacher.swift */ = {isa = PBXFileReference; lastKnownFileType = sourcecode.swift; path = Teacher.swift; sourceTree = "<group>"; };
		06D49AF62151C87100175B06 /* StudentDetailViewController.swift */ = {isa = PBXFileReference; lastKnownFileType = sourcecode.swift; path = StudentDetailViewController.swift; sourceTree = "<group>"; };
		06E67E4D215B0E5400A12A9F /* AddAssignmentViewController.swift */ = {isa = PBXFileReference; lastKnownFileType = sourcecode.swift; path = AddAssignmentViewController.swift; sourceTree = "<group>"; };
		BA2B6B5D215AC822008D34A7 /* Helpers.swift */ = {isa = PBXFileReference; lastKnownFileType = sourcecode.swift; path = Helpers.swift; sourceTree = "<group>"; };
		BAB02D4821593DAA00C3F384 /* User.swift */ = {isa = PBXFileReference; lastKnownFileType = sourcecode.swift; path = User.swift; sourceTree = "<group>"; };
		BAB02D4A21593F7D00C3F384 /* ActiveUser.swift */ = {isa = PBXFileReference; lastKnownFileType = sourcecode.swift; path = ActiveUser.swift; sourceTree = "<group>"; };
		BAB9E5D221517344001249AF /* TutorApp.app */ = {isa = PBXFileReference; explicitFileType = wrapper.application; includeInIndex = 0; path = TutorApp.app; sourceTree = BUILT_PRODUCTS_DIR; };
		BAB9E5D521517344001249AF /* AppDelegate.swift */ = {isa = PBXFileReference; lastKnownFileType = sourcecode.swift; path = AppDelegate.swift; sourceTree = "<group>"; };
		BAB9E5D721517344001249AF /* StudentListViewController.swift */ = {isa = PBXFileReference; lastKnownFileType = sourcecode.swift; path = StudentListViewController.swift; sourceTree = "<group>"; };
		BAB9E5DA21517344001249AF /* Base */ = {isa = PBXFileReference; lastKnownFileType = file.storyboard; name = Base; path = Base.lproj/Main.storyboard; sourceTree = "<group>"; };
		BAB9E5DC21517345001249AF /* Assets.xcassets */ = {isa = PBXFileReference; lastKnownFileType = folder.assetcatalog; path = Assets.xcassets; sourceTree = "<group>"; };
		BAB9E5DF21517345001249AF /* Base */ = {isa = PBXFileReference; lastKnownFileType = file.storyboard; name = Base; path = Base.lproj/LaunchScreen.storyboard; sourceTree = "<group>"; };
		BAB9E5E121517345001249AF /* Info.plist */ = {isa = PBXFileReference; lastKnownFileType = text.plist.xml; path = Info.plist; sourceTree = "<group>"; };
		BAB9E5EB21517424001249AF /* Student.swift */ = {isa = PBXFileReference; lastKnownFileType = sourcecode.swift; path = Student.swift; sourceTree = "<group>"; };
		BAB9E5ED21517718001249AF /* StudentCell.swift */ = {isa = PBXFileReference; lastKnownFileType = sourcecode.swift; path = StudentCell.swift; sourceTree = "<group>"; };
		BAB9E5EF21518001001249AF /* AddStudentViewController.swift */ = {isa = PBXFileReference; lastKnownFileType = sourcecode.swift; path = AddStudentViewController.swift; sourceTree = "<group>"; };
		BAB9E5F121528230001249AF /* RoundImageView.swift */ = {isa = PBXFileReference; lastKnownFileType = sourcecode.swift; path = RoundImageView.swift; sourceTree = "<group>"; };
		BAB9E5F32152A7A2001249AF /* Assignment.swift */ = {isa = PBXFileReference; lastKnownFileType = sourcecode.swift; path = Assignment.swift; sourceTree = "<group>"; };
		BAB9E5F52152B4EC001249AF /* AssignmentCell.swift */ = {isa = PBXFileReference; lastKnownFileType = sourcecode.swift; path = AssignmentCell.swift; sourceTree = "<group>"; };
		BADE0BE221598C7200BEC6FC /* Dosis-Regular.ttf */ = {isa = PBXFileReference; lastKnownFileType = file; path = "Dosis-Regular.ttf"; sourceTree = "<group>"; };
		BADE0BE321598C7300BEC6FC /* Dosis-Light.ttf */ = {isa = PBXFileReference; lastKnownFileType = file; path = "Dosis-Light.ttf"; sourceTree = "<group>"; };
		BADE0BE421598C7400BEC6FC /* Dosis-Bold.ttf */ = {isa = PBXFileReference; lastKnownFileType = file; path = "Dosis-Bold.ttf"; sourceTree = "<group>"; };
		BADE0BE521598C7500BEC6FC /* Dosis-SemiBold.ttf */ = {isa = PBXFileReference; lastKnownFileType = file; path = "Dosis-SemiBold.ttf"; sourceTree = "<group>"; };
		BADE0BE621598C7600BEC6FC /* Dosis-Medium.ttf */ = {isa = PBXFileReference; lastKnownFileType = file; path = "Dosis-Medium.ttf"; sourceTree = "<group>"; };
		BADE0BE721598C7700BEC6FC /* Dosis-ExtraBold.ttf */ = {isa = PBXFileReference; lastKnownFileType = file; path = "Dosis-ExtraBold.ttf"; sourceTree = "<group>"; };
		BADE0BE821598C7800BEC6FC /* Dosis-ExtraLight.ttf */ = {isa = PBXFileReference; lastKnownFileType = file; path = "Dosis-ExtraLight.ttf"; sourceTree = "<group>"; };
		BAF02C7F2155647000E00241 /* OnboardingViewController.swift */ = {isa = PBXFileReference; lastKnownFileType = sourcecode.swift; path = OnboardingViewController.swift; sourceTree = "<group>"; };
		BAF02C8121556E3700E00241 /* TutorApp.entitlements */ = {isa = PBXFileReference; lastKnownFileType = text.plist.entitlements; path = TutorApp.entitlements; sourceTree = "<group>"; };
		BAF02C8321556E3A00E00241 /* CloudKit.framework */ = {isa = PBXFileReference; lastKnownFileType = wrapper.framework; name = CloudKit.framework; path = System/Library/Frameworks/CloudKit.framework; sourceTree = SDKROOT; };
		BAF02C8621556E8E00E00241 /* CloudKitManager.swift */ = {isa = PBXFileReference; lastKnownFileType = sourcecode.swift; path = CloudKitManager.swift; sourceTree = "<group>"; };
/* End PBXFileReference section */

/* Begin PBXFrameworksBuildPhase section */
		BAB9E5CF21517344001249AF /* Frameworks */ = {
			isa = PBXFrameworksBuildPhase;
			buildActionMask = 2147483647;
			files = (
				BAF02C8421556E3A00E00241 /* CloudKit.framework in Frameworks */,
			);
			runOnlyForDeploymentPostprocessing = 0;
		};
/* End PBXFrameworksBuildPhase section */

/* Begin PBXGroup section */
		BAB9E5C921517344001249AF = {
			isa = PBXGroup;
			children = (
				BAB9E5D421517344001249AF /* TutorApp */,
				BAB9E5D321517344001249AF /* Products */,
				BAF02C8221556E3A00E00241 /* Frameworks */,
			);
			sourceTree = "<group>";
		};
		BAB9E5D321517344001249AF /* Products */ = {
			isa = PBXGroup;
			children = (
				BAB9E5D221517344001249AF /* TutorApp.app */,
			);
			name = Products;
			sourceTree = "<group>";
		};
		BAB9E5D421517344001249AF /* TutorApp */ = {
			isa = PBXGroup;
			children = (
				BAF02C8121556E3700E00241 /* TutorApp.entitlements */,
				BADE0BE121598C4400BEC6FC /* Fonts */,
				BAB9E5EA215173A8001249AF /* Other */,
				BAB9E5E921517377001249AF /* Views */,
				BAB9E5E821517373001249AF /* Models */,
				BAF02C8521556E7800E00241 /* Manager */,
				BAB9E5E72151736F001249AF /* Controllers */,
			);
			path = TutorApp;
			sourceTree = "<group>";
		};
		BAB9E5E72151736F001249AF /* Controllers */ = {
			isa = PBXGroup;
			children = (
				BAF02C7F2155647000E00241 /* OnboardingViewController.swift */,
				06ADB56021554B9300469760 /* AddUserViewController.swift */,
				BAB9E5D721517344001249AF /* StudentListViewController.swift */,
				06D49AF62151C87100175B06 /* StudentDetailViewController.swift */,
				06E67E4D215B0E5400A12A9F /* AddAssignmentViewController.swift */,
				06074EBA215D3CF2001D8B50 /* EditAssignmentViewController.swift */,
				BAB9E5EF21518001001249AF /* AddStudentViewController.swift */,
				06B8CA2E2154653700AAA655 /* TeacherListViewController.swift */,
				06B8CA302154671800AAA655 /* HomeworkListViewController.swift */,
			);
			path = Controllers;
			sourceTree = "<group>";
		};
		BAB9E5E821517373001249AF /* Models */ = {
			isa = PBXGroup;
			children = (
				BAB9E5EB21517424001249AF /* Student.swift */,
				06C86E762154846E00EFFE9E /* Teacher.swift */,
				BAB9E5F32152A7A2001249AF /* Assignment.swift */,
				BAB02D4821593DAA00C3F384 /* User.swift */,
				BAB02D4A21593F7D00C3F384 /* ActiveUser.swift */,
			);
			path = Models;
			sourceTree = "<group>";
		};
		BAB9E5E921517377001249AF /* Views */ = {
			isa = PBXGroup;
			children = (
				BAB9E5D921517344001249AF /* Main.storyboard */,
				06C86E7421547A3400EFFE9E /* TeacherCell.swift */,
				BAB9E5ED21517718001249AF /* StudentCell.swift */,
				BAB9E5F52152B4EC001249AF /* AssignmentCell.swift */,
				06C31F17215A8FC500C4B697 /* StudentAssignmentCell.swift */,
				BAB9E5F121528230001249AF /* RoundImageView.swift */,
			);
			path = Views;
			sourceTree = "<group>";
		};
		BAB9E5EA215173A8001249AF /* Other */ = {
			isa = PBXGroup;
			children = (
				BAB9E5D521517344001249AF /* AppDelegate.swift */,
				BAB9E5DC21517345001249AF /* Assets.xcassets */,
				BAB9E5DE21517345001249AF /* LaunchScreen.storyboard */,
				BAB9E5E121517345001249AF /* Info.plist */,
				BA2B6B5D215AC822008D34A7 /* Helpers.swift */,
			);
			path = Other;
			sourceTree = "<group>";
		};
		BADE0BE121598C4400BEC6FC /* Fonts */ = {
			isa = PBXGroup;
			children = (
				BADE0BE421598C7400BEC6FC /* Dosis-Bold.ttf */,
				BADE0BE721598C7700BEC6FC /* Dosis-ExtraBold.ttf */,
				BADE0BE821598C7800BEC6FC /* Dosis-ExtraLight.ttf */,
				BADE0BE321598C7300BEC6FC /* Dosis-Light.ttf */,
				BADE0BE621598C7600BEC6FC /* Dosis-Medium.ttf */,
				BADE0BE221598C7200BEC6FC /* Dosis-Regular.ttf */,
				BADE0BE521598C7500BEC6FC /* Dosis-SemiBold.ttf */,
			);
			path = Fonts;
			sourceTree = "<group>";
		};
		BAF02C8221556E3A00E00241 /* Frameworks */ = {
			isa = PBXGroup;
			children = (
				BAF02C8321556E3A00E00241 /* CloudKit.framework */,
			);
			name = Frameworks;
			sourceTree = "<group>";
		};
		BAF02C8521556E7800E00241 /* Manager */ = {
			isa = PBXGroup;
			children = (
				BAF02C8621556E8E00E00241 /* CloudKitManager.swift */,
			);
			path = Manager;
			sourceTree = "<group>";
		};
/* End PBXGroup section */

/* Begin PBXNativeTarget section */
		BAB9E5D121517344001249AF /* TutorApp */ = {
			isa = PBXNativeTarget;
			buildConfigurationList = BAB9E5E421517345001249AF /* Build configuration list for PBXNativeTarget "TutorApp" */;
			buildPhases = (
				BAB9E5CE21517344001249AF /* Sources */,
				BAB9E5CF21517344001249AF /* Frameworks */,
				BAB9E5D021517344001249AF /* Resources */,
			);
			buildRules = (
			);
			dependencies = (
			);
			name = TutorApp;
			productName = TutorApp;
			productReference = BAB9E5D221517344001249AF /* TutorApp.app */;
			productType = "com.apple.product-type.application";
		};
/* End PBXNativeTarget section */

/* Begin PBXProject section */
		BAB9E5CA21517344001249AF /* Project object */ = {
			isa = PBXProject;
			attributes = {
				LastSwiftUpdateCheck = 0940;
				LastUpgradeCheck = 0940;
				ORGANIZATIONNAME = "Henry Cooper";
				TargetAttributes = {
					BAB9E5D121517344001249AF = {
						CreatedOnToolsVersion = 9.4.1;
						SystemCapabilities = {
							com.apple.Push = {
								enabled = 1;
							};
							com.apple.iCloud = {
								enabled = 1;
							};
						};
					};
				};
			};
			buildConfigurationList = BAB9E5CD21517344001249AF /* Build configuration list for PBXProject "TutorApp" */;
			compatibilityVersion = "Xcode 9.3";
			developmentRegion = en;
			hasScannedForEncodings = 0;
			knownRegions = (
				en,
				Base,
			);
			mainGroup = BAB9E5C921517344001249AF;
			productRefGroup = BAB9E5D321517344001249AF /* Products */;
			projectDirPath = "";
			projectRoot = "";
			targets = (
				BAB9E5D121517344001249AF /* TutorApp */,
			);
		};
/* End PBXProject section */

/* Begin PBXResourcesBuildPhase section */
		BAB9E5D021517344001249AF /* Resources */ = {
			isa = PBXResourcesBuildPhase;
			buildActionMask = 2147483647;
			files = (
				BAB9E5E021517345001249AF /* LaunchScreen.storyboard in Resources */,
				BAB9E5DD21517345001249AF /* Assets.xcassets in Resources */,
				BADE0BE921598C8000BEC6FC /* Dosis-Bold.ttf in Resources */,
				BADE0BEC21598C8000BEC6FC /* Dosis-Light.ttf in Resources */,
				BADE0BEE21598C8000BEC6FC /* Dosis-Regular.ttf in Resources */,
				BADE0BED21598C8000BEC6FC /* Dosis-Medium.ttf in Resources */,
				BADE0BEA21598C8000BEC6FC /* Dosis-ExtraBold.ttf in Resources */,
				BAB9E5DB21517344001249AF /* Main.storyboard in Resources */,
				BADE0BEF21598C8000BEC6FC /* Dosis-SemiBold.ttf in Resources */,
				BADE0BEB21598C8000BEC6FC /* Dosis-ExtraLight.ttf in Resources */,
			);
			runOnlyForDeploymentPostprocessing = 0;
		};
/* End PBXResourcesBuildPhase section */

/* Begin PBXSourcesBuildPhase section */
		BAB9E5CE21517344001249AF /* Sources */ = {
			isa = PBXSourcesBuildPhase;
			buildActionMask = 2147483647;
			files = (
				BAB9E5D821517344001249AF /* StudentListViewController.swift in Sources */,
				06B8CA2F2154653700AAA655 /* TeacherListViewController.swift in Sources */,
				BAB9E5F021518001001249AF /* AddStudentViewController.swift in Sources */,
				BA2B6B5E215AC822008D34A7 /* Helpers.swift in Sources */,
				06C31F18215A8FC500C4B697 /* StudentAssignmentCell.swift in Sources */,
				BAF02C802155647000E00241 /* OnboardingViewController.swift in Sources */,
				BAB02D4B21593F7D00C3F384 /* ActiveUser.swift in Sources */,
				BAB9E5F221528230001249AF /* RoundImageView.swift in Sources */,
				06C86E772154846E00EFFE9E /* Teacher.swift in Sources */,
				06C86E7521547A3400EFFE9E /* TeacherCell.swift in Sources */,
				06ADB56121554B9300469760 /* AddUserViewController.swift in Sources */,
				BAF02C8721556E8E00E00241 /* CloudKitManager.swift in Sources */,
				BAB9E5EC21517424001249AF /* Student.swift in Sources */,
				06D49AF72151C87100175B06 /* StudentDetailViewController.swift in Sources */,
				06B8CA312154671800AAA655 /* HomeworkListViewController.swift in Sources */,
				BAB9E5F62152B4EC001249AF /* AssignmentCell.swift in Sources */,
				BAB9E5F42152A7A2001249AF /* Assignment.swift in Sources */,
				06074EBB215D3CF2001D8B50 /* EditAssignmentViewController.swift in Sources */,
				BAB9E5D621517344001249AF /* AppDelegate.swift in Sources */,
				BAB9E5EE21517718001249AF /* StudentCell.swift in Sources */,
				06E67E4E215B0E5400A12A9F /* AddAssignmentViewController.swift in Sources */,
				BAB02D4921593DAA00C3F384 /* User.swift in Sources */,
			);
			runOnlyForDeploymentPostprocessing = 0;
		};
/* End PBXSourcesBuildPhase section */

/* Begin PBXVariantGroup section */
		BAB9E5D921517344001249AF /* Main.storyboard */ = {
			isa = PBXVariantGroup;
			children = (
				BAB9E5DA21517344001249AF /* Base */,
			);
			name = Main.storyboard;
			sourceTree = "<group>";
		};
		BAB9E5DE21517345001249AF /* LaunchScreen.storyboard */ = {
			isa = PBXVariantGroup;
			children = (
				BAB9E5DF21517345001249AF /* Base */,
			);
			name = LaunchScreen.storyboard;
			sourceTree = "<group>";
		};
/* End PBXVariantGroup section */

/* Begin XCBuildConfiguration section */
		BAB9E5E221517345001249AF /* Debug */ = {
			isa = XCBuildConfiguration;
			buildSettings = {
				ALWAYS_SEARCH_USER_PATHS = NO;
				CLANG_ANALYZER_NONNULL = YES;
				CLANG_ANALYZER_NUMBER_OBJECT_CONVERSION = YES_AGGRESSIVE;
				CLANG_CXX_LANGUAGE_STANDARD = "gnu++14";
				CLANG_CXX_LIBRARY = "libc++";
				CLANG_ENABLE_MODULES = YES;
				CLANG_ENABLE_OBJC_ARC = YES;
				CLANG_ENABLE_OBJC_WEAK = YES;
				CLANG_WARN_BLOCK_CAPTURE_AUTORELEASING = YES;
				CLANG_WARN_BOOL_CONVERSION = YES;
				CLANG_WARN_COMMA = YES;
				CLANG_WARN_CONSTANT_CONVERSION = YES;
				CLANG_WARN_DEPRECATED_OBJC_IMPLEMENTATIONS = YES;
				CLANG_WARN_DIRECT_OBJC_ISA_USAGE = YES_ERROR;
				CLANG_WARN_DOCUMENTATION_COMMENTS = YES;
				CLANG_WARN_EMPTY_BODY = YES;
				CLANG_WARN_ENUM_CONVERSION = YES;
				CLANG_WARN_INFINITE_RECURSION = YES;
				CLANG_WARN_INT_CONVERSION = YES;
				CLANG_WARN_NON_LITERAL_NULL_CONVERSION = YES;
				CLANG_WARN_OBJC_IMPLICIT_RETAIN_SELF = YES;
				CLANG_WARN_OBJC_LITERAL_CONVERSION = YES;
				CLANG_WARN_OBJC_ROOT_CLASS = YES_ERROR;
				CLANG_WARN_RANGE_LOOP_ANALYSIS = YES;
				CLANG_WARN_STRICT_PROTOTYPES = YES;
				CLANG_WARN_SUSPICIOUS_MOVE = YES;
				CLANG_WARN_UNGUARDED_AVAILABILITY = YES_AGGRESSIVE;
				CLANG_WARN_UNREACHABLE_CODE = YES;
				CLANG_WARN__DUPLICATE_METHOD_MATCH = YES;
				CODE_SIGN_IDENTITY = "iPhone Developer";
				COPY_PHASE_STRIP = NO;
				DEBUG_INFORMATION_FORMAT = dwarf;
				ENABLE_STRICT_OBJC_MSGSEND = YES;
				ENABLE_TESTABILITY = YES;
				GCC_C_LANGUAGE_STANDARD = gnu11;
				GCC_DYNAMIC_NO_PIC = NO;
				GCC_NO_COMMON_BLOCKS = YES;
				GCC_OPTIMIZATION_LEVEL = 0;
				GCC_PREPROCESSOR_DEFINITIONS = (
					"DEBUG=1",
					"$(inherited)",
				);
				GCC_WARN_64_TO_32_BIT_CONVERSION = YES;
				GCC_WARN_ABOUT_RETURN_TYPE = YES_ERROR;
				GCC_WARN_UNDECLARED_SELECTOR = YES;
				GCC_WARN_UNINITIALIZED_AUTOS = YES_AGGRESSIVE;
				GCC_WARN_UNUSED_FUNCTION = YES;
				GCC_WARN_UNUSED_VARIABLE = YES;
				IPHONEOS_DEPLOYMENT_TARGET = 11.4;
				MTL_ENABLE_DEBUG_INFO = YES;
				ONLY_ACTIVE_ARCH = YES;
				SDKROOT = iphoneos;
				SWIFT_ACTIVE_COMPILATION_CONDITIONS = DEBUG;
				SWIFT_OPTIMIZATION_LEVEL = "-Onone";
			};
			name = Debug;
		};
		BAB9E5E321517345001249AF /* Release */ = {
			isa = XCBuildConfiguration;
			buildSettings = {
				ALWAYS_SEARCH_USER_PATHS = NO;
				CLANG_ANALYZER_NONNULL = YES;
				CLANG_ANALYZER_NUMBER_OBJECT_CONVERSION = YES_AGGRESSIVE;
				CLANG_CXX_LANGUAGE_STANDARD = "gnu++14";
				CLANG_CXX_LIBRARY = "libc++";
				CLANG_ENABLE_MODULES = YES;
				CLANG_ENABLE_OBJC_ARC = YES;
				CLANG_ENABLE_OBJC_WEAK = YES;
				CLANG_WARN_BLOCK_CAPTURE_AUTORELEASING = YES;
				CLANG_WARN_BOOL_CONVERSION = YES;
				CLANG_WARN_COMMA = YES;
				CLANG_WARN_CONSTANT_CONVERSION = YES;
				CLANG_WARN_DEPRECATED_OBJC_IMPLEMENTATIONS = YES;
				CLANG_WARN_DIRECT_OBJC_ISA_USAGE = YES_ERROR;
				CLANG_WARN_DOCUMENTATION_COMMENTS = YES;
				CLANG_WARN_EMPTY_BODY = YES;
				CLANG_WARN_ENUM_CONVERSION = YES;
				CLANG_WARN_INFINITE_RECURSION = YES;
				CLANG_WARN_INT_CONVERSION = YES;
				CLANG_WARN_NON_LITERAL_NULL_CONVERSION = YES;
				CLANG_WARN_OBJC_IMPLICIT_RETAIN_SELF = YES;
				CLANG_WARN_OBJC_LITERAL_CONVERSION = YES;
				CLANG_WARN_OBJC_ROOT_CLASS = YES_ERROR;
				CLANG_WARN_RANGE_LOOP_ANALYSIS = YES;
				CLANG_WARN_STRICT_PROTOTYPES = YES;
				CLANG_WARN_SUSPICIOUS_MOVE = YES;
				CLANG_WARN_UNGUARDED_AVAILABILITY = YES_AGGRESSIVE;
				CLANG_WARN_UNREACHABLE_CODE = YES;
				CLANG_WARN__DUPLICATE_METHOD_MATCH = YES;
				CODE_SIGN_IDENTITY = "iPhone Developer";
				COPY_PHASE_STRIP = NO;
				DEBUG_INFORMATION_FORMAT = "dwarf-with-dsym";
				ENABLE_NS_ASSERTIONS = NO;
				ENABLE_STRICT_OBJC_MSGSEND = YES;
				GCC_C_LANGUAGE_STANDARD = gnu11;
				GCC_NO_COMMON_BLOCKS = YES;
				GCC_WARN_64_TO_32_BIT_CONVERSION = YES;
				GCC_WARN_ABOUT_RETURN_TYPE = YES_ERROR;
				GCC_WARN_UNDECLARED_SELECTOR = YES;
				GCC_WARN_UNINITIALIZED_AUTOS = YES_AGGRESSIVE;
				GCC_WARN_UNUSED_FUNCTION = YES;
				GCC_WARN_UNUSED_VARIABLE = YES;
				IPHONEOS_DEPLOYMENT_TARGET = 11.4;
				MTL_ENABLE_DEBUG_INFO = NO;
				SDKROOT = iphoneos;
				SWIFT_COMPILATION_MODE = wholemodule;
				SWIFT_OPTIMIZATION_LEVEL = "-O";
				VALIDATE_PRODUCT = YES;
			};
			name = Release;
		};
		BAB9E5E521517345001249AF /* Debug */ = {
			isa = XCBuildConfiguration;
			buildSettings = {
				ASSETCATALOG_COMPILER_APPICON_NAME = AppIcon;
				CODE_SIGN_ENTITLEMENTS = TutorApp/TutorApp.entitlements;
				CODE_SIGN_STYLE = Automatic;
				DEVELOPMENT_TEAM = ZUT4ATB28X;
				INFOPLIST_FILE = TutorApp/Other/Info.plist;
				LD_RUNPATH_SEARCH_PATHS = (
					"$(inherited)",
					"@executable_path/Frameworks",
				);
				PRODUCT_BUNDLE_IDENTIFIER = com.henry.TutorApp;
				PRODUCT_NAME = "$(TARGET_NAME)";
				SWIFT_VERSION = 4.0;
				TARGETED_DEVICE_FAMILY = "1,2";
			};
			name = Debug;
		};
		BAB9E5E621517345001249AF /* Release */ = {
			isa = XCBuildConfiguration;
			buildSettings = {
				ASSETCATALOG_COMPILER_APPICON_NAME = AppIcon;
				CODE_SIGN_ENTITLEMENTS = TutorApp/TutorApp.entitlements;
				CODE_SIGN_STYLE = Automatic;
				DEVELOPMENT_TEAM = ZUT4ATB28X;
				INFOPLIST_FILE = TutorApp/Other/Info.plist;
				LD_RUNPATH_SEARCH_PATHS = (
					"$(inherited)",
					"@executable_path/Frameworks",
				);
				PRODUCT_BUNDLE_IDENTIFIER = com.henry.TutorApp;
				PRODUCT_NAME = "$(TARGET_NAME)";
				SWIFT_VERSION = 4.0;
				TARGETED_DEVICE_FAMILY = "1,2";
			};
			name = Release;
		};
/* End XCBuildConfiguration section */

/* Begin XCConfigurationList section */
		BAB9E5CD21517344001249AF /* Build configuration list for PBXProject "TutorApp" */ = {
			isa = XCConfigurationList;
			buildConfigurations = (
				BAB9E5E221517345001249AF /* Debug */,
				BAB9E5E321517345001249AF /* Release */,
			);
			defaultConfigurationIsVisible = 0;
			defaultConfigurationName = Release;
		};
		BAB9E5E421517345001249AF /* Build configuration list for PBXNativeTarget "TutorApp" */ = {
			isa = XCConfigurationList;
			buildConfigurations = (
				BAB9E5E521517345001249AF /* Debug */,
				BAB9E5E621517345001249AF /* Release */,
			);
			defaultConfigurationIsVisible = 0;
			defaultConfigurationName = Release;
		};
/* End XCConfigurationList section */
	};
	rootObject = BAB9E5CA21517344001249AF /* Project object */;
}
